{
  "name": "@proxtx/combinesync",
  "version": "1.0.5",
  "lockfileVersion": 1,
  "requires": true,
  "dependencies": {
    "@proxtx/compare": {
      "version": "1.0.3",
      "resolved": "https://registry.npmjs.org/@proxtx/compare/-/compare-1.0.3.tgz",
      "integrity": "sha512-CnbWePoP3Ulg3XpzUpwz6DiVVnopIOh3B0Dwrfq/gy9Xc00qATiRjyxVQo6C0W7RMvv0pIZ+b58SfDrBBgmSSg=="
    }
  }
}
