{
  "name": "combinesync",
  "version": "1.0.0",
  "lockfileVersion": 1,
  "requires": true,
  "dependencies": {
    "@proxtx/compare": {
      "version": "1.0.2",
      "resolved": "https://registry.npmjs.org/@proxtx/compare/-/compare-1.0.2.tgz",
      "integrity": "sha512-+k8XtWv5KIW6q1f8HF0zP5rWKuMFAFHnnXgSEYE41qui24g+23v2+t6L9Sa+6VFaGrItYcPjls3pVyMt87uIyQ=="
    }
  }
}
